
Microsoft Visual Studio Solution File, Format Version 12.00
# Visual Studio Version 17
VisualStudioVersion = 17.3.32922.545
MinimumVisualStudioVersion = 10.0.40219.1
Project("{FAE04EC0-301F-11D3-BF4B-00C04F79EFBC}") = "MiniMAx", "MiniMAx\MiniMAx.csproj", "{D2DE9265-B462-4F5C-9B57-6CD8C5EB9B81}"
EndProject
Global
	GlobalSection(SolutionConfigurationPlatforms) = preSolution
		Debug|Any CPU = Debug|Any CPU
		Debug|x64 = Debug|x64
		Release|Any CPU = Release|Any CPU
		Release|x64 = Release|x64
	EndGlobalSection
	GlobalSection(ProjectConfigurationPlatforms) = postSolution
		{D2DE9265-B462-4F5C-9B57-6CD8C5EB9B81}.Debug|Any CPU.ActiveCfg = Debug|Any CPU
		{D2DE9265-B462-4F5C-9B57-6CD8C5EB9B81}.Debug|Any CPU.Build.0 = Debug|Any CPU
		{D2DE9265-B462-4F5C-9B57-6CD8C5EB9B81}.Debug|x64.ActiveCfg = Debug|x64
		{D2DE9265-B462-4F5C-9B57-6CD8C5EB9B81}.Debug|x64.Build.0 = Debug|x64
		{D2DE9265-B462-4F5C-9B57-6CD8C5EB9B81}.Release|Any CPU.ActiveCfg = Release|Any CPU
		{D2DE9265-B462-4F5C-9B57-6CD8C5EB9B81}.Release|Any CPU.Build.0 = Release|Any CPU
		{D2DE9265-B462-4F5C-9B57-6CD8C5EB9B81}.Release|x64.ActiveCfg = Release|x64
		{D2DE9265-B462-4F5C-9B57-6CD8C5EB9B81}.Release|x64.Build.0 = Release|x64
	EndGlobalSection
	GlobalSection(SolutionProperties) = preSolution
		HideSolutionNode = FALSE
	EndGlobalSection
	GlobalSection(ExtensibilityGlobals) = postSolution
		SolutionGuid = {804A01DD-9EBB-41D5-978B-DB0814DB29F9}
	EndGlobalSection
EndGlobal
